{
  "object": {
    "pins": [
      {
        "package": "swift-log",
        "repositoryURL": "https://github.com/apple/swift-log.git",
        "state": {
          "branch": null,
          "revision": "3d8596ed08bd13520157f0355e35caed215ffbfa",
          "version": "1.6.3"
        }
      }
    ]
  },
  "version": 1
}
